{
  "name": "snake-game",
  "version": "1.0.0",
  "lockfileVersion": 2,
  "requires": true,
  "packages": {
    "": {
      "name": "snake-game",
      "version": "1.0.0",
      "license": "ISC",
      "dependencies": {
        "loop": "github:adamgonda/loop"
      }
    },
    "node_modules/loop": {
      "version": "1.0.0",
      "resolved": "git+ssh://git@github.com/adamgonda/loop.git#f1178d0e68a353e3c773f509303ad3a6396b327e",
      "license": "ISC"
    }
  },
  "dependencies": {
    "loop": {
      "version": "git+ssh://git@github.com/adamgonda/loop.git#f1178d0e68a353e3c773f509303ad3a6396b327e",
      "from": "loop@adamgonda/loop"
    }
  }
}
